
Microsoft Visual Studio Solution File, Format Version 12.00
# Visual Studio 15
VisualStudioVersion = 15.0.26403.7
MinimumVisualStudioVersion = 10.0.40219.1
Project("{FAE04EC0-301F-11D3-BF4B-00C04F79EFBC}") = "Exam", "Exam\Exam.csproj", "{81DD869A-B293-424B-9F07-83BA105007B1}"
EndProject
Project("{FAE04EC0-301F-11D3-BF4B-00C04F79EFBC}") = "2.zad", "2.zad\2.zad.csproj", "{2CAA4F7B-1A2F-4AB6-B9F7-75F96931A077}"
EndProject
Project("{FAE04EC0-301F-11D3-BF4B-00C04F79EFBC}") = "3.zad", "3.zad\3.zad.csproj", "{F5383EED-9093-468C-A1B8-9077DFA1D7DB}"
EndProject
Project("{FAE04EC0-301F-11D3-BF4B-00C04F79EFBC}") = "4.zad", "4.zad\4.zad.csproj", "{2AE4CBCA-9287-4766-842A-87A0C4A315B5}"
EndProject
Project("{FAE04EC0-301F-11D3-BF4B-00C04F79EFBC}") = "zad.6", "zad.6\zad.6.csproj", "{DE4C92D1-F927-4718-AD8D-99B169075F8A}"
EndProject
Project("{FAE04EC0-301F-11D3-BF4B-00C04F79EFBC}") = "5.zad", "5.zad\5.zad.csproj", "{902C2701-FD14-4095-87E1-35F2471ED095}"
EndProject
Global
	GlobalSection(SolutionConfigurationPlatforms) = preSolution
		Debug|Any CPU = Debug|Any CPU
		Release|Any CPU = Release|Any CPU
	EndGlobalSection
	GlobalSection(ProjectConfigurationPlatforms) = postSolution
		{81DD869A-B293-424B-9F07-83BA105007B1}.Debug|Any CPU.ActiveCfg = Debug|Any CPU
		{81DD869A-B293-424B-9F07-83BA105007B1}.Debug|Any CPU.Build.0 = Debug|Any CPU
		{81DD869A-B293-424B-9F07-83BA105007B1}.Release|Any CPU.ActiveCfg = Release|Any CPU
		{81DD869A-B293-424B-9F07-83BA105007B1}.Release|Any CPU.Build.0 = Release|Any CPU
		{2CAA4F7B-1A2F-4AB6-B9F7-75F96931A077}.Debug|Any CPU.ActiveCfg = Debug|Any CPU
		{2CAA4F7B-1A2F-4AB6-B9F7-75F96931A077}.Debug|Any CPU.Build.0 = Debug|Any CPU
		{2CAA4F7B-1A2F-4AB6-B9F7-75F96931A077}.Release|Any CPU.ActiveCfg = Release|Any CPU
		{2CAA4F7B-1A2F-4AB6-B9F7-75F96931A077}.Release|Any CPU.Build.0 = Release|Any CPU
		{F5383EED-9093-468C-A1B8-9077DFA1D7DB}.Debug|Any CPU.ActiveCfg = Debug|Any CPU
		{F5383EED-9093-468C-A1B8-9077DFA1D7DB}.Debug|Any CPU.Build.0 = Debug|Any CPU
		{F5383EED-9093-468C-A1B8-9077DFA1D7DB}.Release|Any CPU.ActiveCfg = Release|Any CPU
		{F5383EED-9093-468C-A1B8-9077DFA1D7DB}.Release|Any CPU.Build.0 = Release|Any CPU
		{2AE4CBCA-9287-4766-842A-87A0C4A315B5}.Debug|Any CPU.ActiveCfg = Debug|Any CPU
		{2AE4CBCA-9287-4766-842A-87A0C4A315B5}.Debug|Any CPU.Build.0 = Debug|Any CPU
		{2AE4CBCA-9287-4766-842A-87A0C4A315B5}.Release|Any CPU.ActiveCfg = Release|Any CPU
		{2AE4CBCA-9287-4766-842A-87A0C4A315B5}.Release|Any CPU.Build.0 = Release|Any CPU
		{DE4C92D1-F927-4718-AD8D-99B169075F8A}.Debug|Any CPU.ActiveCfg = Debug|Any CPU
		{DE4C92D1-F927-4718-AD8D-99B169075F8A}.Debug|Any CPU.Build.0 = Debug|Any CPU
		{DE4C92D1-F927-4718-AD8D-99B169075F8A}.Release|Any CPU.ActiveCfg = Release|Any CPU
		{DE4C92D1-F927-4718-AD8D-99B169075F8A}.Release|Any CPU.Build.0 = Release|Any CPU
		{902C2701-FD14-4095-87E1-35F2471ED095}.Debug|Any CPU.ActiveCfg = Debug|Any CPU
		{902C2701-FD14-4095-87E1-35F2471ED095}.Debug|Any CPU.Build.0 = Debug|Any CPU
		{902C2701-FD14-4095-87E1-35F2471ED095}.Release|Any CPU.ActiveCfg = Release|Any CPU
		{902C2701-FD14-4095-87E1-35F2471ED095}.Release|Any CPU.Build.0 = Release|Any CPU
	EndGlobalSection
	GlobalSection(SolutionProperties) = preSolution
		HideSolutionNode = FALSE
	EndGlobalSection
EndGlobal
